
Microsoft Visual Studio Solution File, Format Version 12.00
# Visual Studio 14
VisualStudioVersion = 14.0.25123.0
MinimumVisualStudioVersion = 10.0.40219.1
Project("{FAE04EC0-301F-11D3-BF4B-00C04F79EFBC}") = "JenkinsWebDeployTest", "JenkinsWebDeployTest\JenkinsWebDeployTest.csproj", "{EB359EF5-D0C5-41C3-AD86-59ED925CA3DC}"
EndProject
Project("{FAE04EC0-301F-11D3-BF4B-00C04F79EFBC}") = "WebApplicationTest", "WebApplicationTest\WebApplicationTest.csproj", "{FC100743-8600-4CEE-BE88-D5F196713492}"
EndProject
Global
	GlobalSection(SolutionConfigurationPlatforms) = preSolution
		Debug|Any CPU = Debug|Any CPU
		Release|Any CPU = Release|Any CPU
	EndGlobalSection
	GlobalSection(ProjectConfigurationPlatforms) = postSolution
		{EB359EF5-D0C5-41C3-AD86-59ED925CA3DC}.Debug|Any CPU.ActiveCfg = Debug|Any CPU
		{EB359EF5-D0C5-41C3-AD86-59ED925CA3DC}.Debug|Any CPU.Build.0 = Debug|Any CPU
		{EB359EF5-D0C5-41C3-AD86-59ED925CA3DC}.Release|Any CPU.ActiveCfg = Release|Any CPU
		{EB359EF5-D0C5-41C3-AD86-59ED925CA3DC}.Release|Any CPU.Build.0 = Release|Any CPU
		{FC100743-8600-4CEE-BE88-D5F196713492}.Debug|Any CPU.ActiveCfg = Debug|Any CPU
		{FC100743-8600-4CEE-BE88-D5F196713492}.Debug|Any CPU.Build.0 = Debug|Any CPU
		{FC100743-8600-4CEE-BE88-D5F196713492}.Release|Any CPU.ActiveCfg = Release|Any CPU
		{FC100743-8600-4CEE-BE88-D5F196713492}.Release|Any CPU.Build.0 = Release|Any CPU
	EndGlobalSection
	GlobalSection(SolutionProperties) = preSolution
		HideSolutionNode = FALSE
	EndGlobalSection
EndGlobal
